// !$*UTF8*$!
{
	archiveVersion = 1;
	classes = {
	};
	objectVersion = 50;
	objects = {

/* Begin PBXBuildFile section */
		E20226922264EE520047D8DA /* ProfileView.xib in Resources */ = {isa = PBXBuildFile; fileRef = E20226912264EE520047D8DA /* ProfileView.xib */; };
		E20226942264EE6C0047D8DA /* ProfileView.swift in Sources */ = {isa = PBXBuildFile; fileRef = E20226932264EE6C0047D8DA /* ProfileView.swift */; };
		E20226972264F1E60047D8DA /* ProfileModel.swift in Sources */ = {isa = PBXBuildFile; fileRef = E20226962264F1E60047D8DA /* ProfileModel.swift */; };
		E215456F226CA4DE004263B6 /* ThingOfLuckModel.swift in Sources */ = {isa = PBXBuildFile; fileRef = E215456E226CA4DE004263B6 /* ThingOfLuckModel.swift */; };
		E252F3AA2268584900F75002 /* UnsaeCell.swift in Sources */ = {isa = PBXBuildFile; fileRef = E252F3A82268584900F75002 /* UnsaeCell.swift */; };
		E252F3AB2268584900F75002 /* UnsaeCell.xib in Resources */ = {isa = PBXBuildFile; fileRef = E252F3A92268584900F75002 /* UnsaeCell.xib */; };
		E26804F3226620AF001F83F7 /* ImageViewExtension.swift in Sources */ = {isa = PBXBuildFile; fileRef = E26804F2226620AF001F83F7 /* ImageViewExtension.swift */; };
		E26A5D85226468A000B858BB /* AppDelegate.swift in Sources */ = {isa = PBXBuildFile; fileRef = E26A5D84226468A000B858BB /* AppDelegate.swift */; };
		E26A5D87226468A000B858BB /* ViewController.swift in Sources */ = {isa = PBXBuildFile; fileRef = E26A5D86226468A000B858BB /* ViewController.swift */; };
		E26A5D8A226468A000B858BB /* Main.storyboard in Resources */ = {isa = PBXBuildFile; fileRef = E26A5D88226468A000B858BB /* Main.storyboard */; };
		E26A5D8C226468A100B858BB /* Assets.xcassets in Resources */ = {isa = PBXBuildFile; fileRef = E26A5D8B226468A100B858BB /* Assets.xcassets */; };
		E26A5D8F226468A100B858BB /* LaunchScreen.storyboard in Resources */ = {isa = PBXBuildFile; fileRef = E26A5D8D226468A100B858BB /* LaunchScreen.storyboard */; };
		E29180A022664704002AA002 /* LineView.xib in Resources */ = {isa = PBXBuildFile; fileRef = E291809F22664704002AA002 /* LineView.xib */; };
		E29180A22266470F002AA002 /* LineView.swift in Sources */ = {isa = PBXBuildFile; fileRef = E29180A12266470F002AA002 /* LineView.swift */; };
		E29180A422664A99002AA002 /* ColorExtension.swift in Sources */ = {isa = PBXBuildFile; fileRef = E29180A322664A99002AA002 /* ColorExtension.swift */; };
		E29CF3C5226752C7004ADC18 /* TodayUnsaeViewModel.swift in Sources */ = {isa = PBXBuildFile; fileRef = E29CF3C4226752C7004ADC18 /* TodayUnsaeViewModel.swift */; };
		E29CF3C72267538B004ADC18 /* UnsaeModel.swift in Sources */ = {isa = PBXBuildFile; fileRef = E29CF3C62267538B004ADC18 /* UnsaeModel.swift */; };
		E29CF3CA226755B0004ADC18 /* ModelCreator.swift in Sources */ = {isa = PBXBuildFile; fileRef = E29CF3C9226755B0004ADC18 /* ModelCreator.swift */; };
		F7810C8C00BCE212CCF428D5 /* Pods_UIStudy.framework in Frameworks */ = {isa = PBXBuildFile; fileRef = B96A9833A285259DBE03DDAD /* Pods_UIStudy.framework */; };
/* End PBXBuildFile section */

/* Begin PBXFileReference section */
		A6C2D8CD4677CD6B7EDB115B /* Pods-UIStudy.release.xcconfig */ = {isa = PBXFileReference; includeInIndex = 1; lastKnownFileType = text.xcconfig; name = "Pods-UIStudy.release.xcconfig"; path = "Target Support Files/Pods-UIStudy/Pods-UIStudy.release.xcconfig"; sourceTree = "<group>"; };
		B96A9833A285259DBE03DDAD /* Pods_UIStudy.framework */ = {isa = PBXFileReference; explicitFileType = wrapper.framework; includeInIndex = 0; path = Pods_UIStudy.framework; sourceTree = BUILT_PRODUCTS_DIR; };
		BC2651BD931DEF7A11231E08 /* Pods-UIStudy.debug.xcconfig */ = {isa = PBXFileReference; includeInIndex = 1; lastKnownFileType = text.xcconfig; name = "Pods-UIStudy.debug.xcconfig"; path = "Target Support Files/Pods-UIStudy/Pods-UIStudy.debug.xcconfig"; sourceTree = "<group>"; };
		E20226912264EE520047D8DA /* ProfileView.xib */ = {isa = PBXFileReference; lastKnownFileType = file.xib; path = ProfileView.xib; sourceTree = "<group>"; };
		E20226932264EE6C0047D8DA /* ProfileView.swift */ = {isa = PBXFileReference; lastKnownFileType = sourcecode.swift; path = ProfileView.swift; sourceTree = "<group>"; };
		E20226962264F1E60047D8DA /* ProfileModel.swift */ = {isa = PBXFileReference; lastKnownFileType = sourcecode.swift; path = ProfileModel.swift; sourceTree = "<group>"; };
		E215456E226CA4DE004263B6 /* ThingOfLuckModel.swift */ = {isa = PBXFileReference; lastKnownFileType = sourcecode.swift; path = ThingOfLuckModel.swift; sourceTree = "<group>"; };
		E252F3A82268584900F75002 /* UnsaeCell.swift */ = {isa = PBXFileReference; lastKnownFileType = sourcecode.swift; path = UnsaeCell.swift; sourceTree = "<group>"; };
		E252F3A92268584900F75002 /* UnsaeCell.xib */ = {isa = PBXFileReference; lastKnownFileType = file.xib; path = UnsaeCell.xib; sourceTree = "<group>"; };
		E26804F2226620AF001F83F7 /* ImageViewExtension.swift */ = {isa = PBXFileReference; lastKnownFileType = sourcecode.swift; path = ImageViewExtension.swift; sourceTree = "<group>"; };
		E26A5D81226468A000B858BB /* UIStudy.app */ = {isa = PBXFileReference; explicitFileType = wrapper.application; includeInIndex = 0; path = UIStudy.app; sourceTree = BUILT_PRODUCTS_DIR; };
		E26A5D84226468A000B858BB /* AppDelegate.swift */ = {isa = PBXFileReference; lastKnownFileType = sourcecode.swift; path = AppDelegate.swift; sourceTree = "<group>"; };
		E26A5D86226468A000B858BB /* ViewController.swift */ = {isa = PBXFileReference; lastKnownFileType = sourcecode.swift; path = ViewController.swift; sourceTree = "<group>"; };
		E26A5D89226468A000B858BB /* Base */ = {isa = PBXFileReference; lastKnownFileType = file.storyboard; name = Base; path = Base.lproj/Main.storyboard; sourceTree = "<group>"; };
		E26A5D8B226468A100B858BB /* Assets.xcassets */ = {isa = PBXFileReference; lastKnownFileType = folder.assetcatalog; path = Assets.xcassets; sourceTree = "<group>"; };
		E26A5D8E226468A100B858BB /* Base */ = {isa = PBXFileReference; lastKnownFileType = file.storyboard; name = Base; path = Base.lproj/LaunchScreen.storyboard; sourceTree = "<group>"; };
		E26A5D90226468A100B858BB /* Info.plist */ = {isa = PBXFileReference; lastKnownFileType = text.plist.xml; path = Info.plist; sourceTree = "<group>"; };
		E291809F22664704002AA002 /* LineView.xib */ = {isa = PBXFileReference; lastKnownFileType = file.xib; path = LineView.xib; sourceTree = "<group>"; };
		E29180A12266470F002AA002 /* LineView.swift */ = {isa = PBXFileReference; lastKnownFileType = sourcecode.swift; path = LineView.swift; sourceTree = "<group>"; };
		E29180A322664A99002AA002 /* ColorExtension.swift */ = {isa = PBXFileReference; lastKnownFileType = sourcecode.swift; path = ColorExtension.swift; sourceTree = "<group>"; };
		E29CF3C4226752C7004ADC18 /* TodayUnsaeViewModel.swift */ = {isa = PBXFileReference; lastKnownFileType = sourcecode.swift; path = TodayUnsaeViewModel.swift; sourceTree = "<group>"; };
		E29CF3C62267538B004ADC18 /* UnsaeModel.swift */ = {isa = PBXFileReference; lastKnownFileType = sourcecode.swift; path = UnsaeModel.swift; sourceTree = "<group>"; };
		E29CF3C9226755B0004ADC18 /* ModelCreator.swift */ = {isa = PBXFileReference; lastKnownFileType = sourcecode.swift; path = ModelCreator.swift; sourceTree = "<group>"; };
/* End PBXFileReference section */

/* Begin PBXFrameworksBuildPhase section */
		E26A5D7E226468A000B858BB /* Frameworks */ = {
			isa = PBXFrameworksBuildPhase;
			buildActionMask = 2147483647;
			files = (
				F7810C8C00BCE212CCF428D5 /* Pods_UIStudy.framework in Frameworks */,
			);
			runOnlyForDeploymentPostprocessing = 0;
		};
/* End PBXFrameworksBuildPhase section */

/* Begin PBXGroup section */
		647A0B538FBD997D104AF3DC /* Pods */ = {
			isa = PBXGroup;
			children = (
				BC2651BD931DEF7A11231E08 /* Pods-UIStudy.debug.xcconfig */,
				A6C2D8CD4677CD6B7EDB115B /* Pods-UIStudy.release.xcconfig */,
			);
			path = Pods;
			sourceTree = "<group>";
		};
		D513D9DB10FC2F08AED06C42 /* Frameworks */ = {
			isa = PBXGroup;
			children = (
				B96A9833A285259DBE03DDAD /* Pods_UIStudy.framework */,
			);
			name = Frameworks;
			sourceTree = "<group>";
		};
		E20226952264F1C20047D8DA /* Model */ = {
			isa = PBXGroup;
			children = (
				E20226962264F1E60047D8DA /* ProfileModel.swift */,
				E29CF3C62267538B004ADC18 /* UnsaeModel.swift */,
				E215456E226CA4DE004263B6 /* ThingOfLuckModel.swift */,
			);
			path = Model;
			sourceTree = "<group>";
		};
		E26804F122662099001F83F7 /* Extension */ = {
			isa = PBXGroup;
			children = (
				E26804F2226620AF001F83F7 /* ImageViewExtension.swift */,
				E29180A322664A99002AA002 /* ColorExtension.swift */,
			);
			path = Extension;
			sourceTree = "<group>";
		};
		E26A5D78226468A000B858BB = {
			isa = PBXGroup;
			children = (
				E26A5D83226468A000B858BB /* UIStudy */,
				E26A5D82226468A000B858BB /* Products */,
				647A0B538FBD997D104AF3DC /* Pods */,
				D513D9DB10FC2F08AED06C42 /* Frameworks */,
			);
			sourceTree = "<group>";
		};
		E26A5D82226468A000B858BB /* Products */ = {
			isa = PBXGroup;
			children = (
				E26A5D81226468A000B858BB /* UIStudy.app */,
			);
			name = Products;
			sourceTree = "<group>";
		};
		E26A5D83226468A000B858BB /* UIStudy */ = {
			isa = PBXGroup;
			children = (
				E26A5D90226468A100B858BB /* Info.plist */,
				E20226952264F1C20047D8DA /* Model */,
				E29CF3C822675556004ADC18 /* ModelCreator */,
				E29CF3C3226752AC004ADC18 /* ViewModel */,
				E26A5D84226468A000B858BB /* AppDelegate.swift */,
				E2EF67EF2264A09300D9B06B /* CustomView */,
				E26804F122662099001F83F7 /* Extension */,
				E2EF67F02264A09D00D9B06B /* View */,
			);
			path = UIStudy;
			sourceTree = "<group>";
		};
		E29CF3C3226752AC004ADC18 /* ViewModel */ = {
			isa = PBXGroup;
			children = (
				E29CF3C4226752C7004ADC18 /* TodayUnsaeViewModel.swift */,
			);
			path = ViewModel;
			sourceTree = "<group>";
		};
		E29CF3C822675556004ADC18 /* ModelCreator */ = {
			isa = PBXGroup;
			children = (
				E29CF3C9226755B0004ADC18 /* ModelCreator.swift */,
			);
			path = ModelCreator;
			sourceTree = "<group>";
		};
		E2EF67EF2264A09300D9B06B /* CustomView */ = {
			isa = PBXGroup;
			children = (
				E20226912264EE520047D8DA /* ProfileView.xib */,
				E20226932264EE6C0047D8DA /* ProfileView.swift */,
				E291809F22664704002AA002 /* LineView.xib */,
				E29180A12266470F002AA002 /* LineView.swift */,
				E252F3A82268584900F75002 /* UnsaeCell.swift */,
				E252F3A92268584900F75002 /* UnsaeCell.xib */,
			);
			path = CustomView;
			sourceTree = "<group>";
		};
		E2EF67F02264A09D00D9B06B /* View */ = {
			isa = PBXGroup;
			children = (
				E26A5D8B226468A100B858BB /* Assets.xcassets */,
				E26A5D86226468A000B858BB /* ViewController.swift */,
				E26A5D88226468A000B858BB /* Main.storyboard */,
				E26A5D8D226468A100B858BB /* LaunchScreen.storyboard */,
			);
			path = View;
			sourceTree = "<group>";
		};
/* End PBXGroup section */

/* Begin PBXNativeTarget section */
		E26A5D80226468A000B858BB /* UIStudy */ = {
			isa = PBXNativeTarget;
			buildConfigurationList = E26A5D93226468A100B858BB /* Build configuration list for PBXNativeTarget "UIStudy" */;
			buildPhases = (
				C9D69D7C073F38780B05E2E9 /* [CP] Check Pods Manifest.lock */,
				E26A5D7D226468A000B858BB /* Sources */,
				E26A5D7E226468A000B858BB /* Frameworks */,
				E26A5D7F226468A000B858BB /* Resources */,
				F961854674FAB9B555D7472D /* [CP] Embed Pods Frameworks */,
			);
			buildRules = (
			);
			dependencies = (
			);
			name = UIStudy;
			productName = UIStudy;
			productReference = E26A5D81226468A000B858BB /* UIStudy.app */;
			productType = "com.apple.product-type.application";
		};
/* End PBXNativeTarget section */

/* Begin PBXProject section */
		E26A5D79226468A000B858BB /* Project object */ = {
			isa = PBXProject;
			attributes = {
				LastSwiftUpdateCheck = 1020;
				LastUpgradeCheck = 1020;
				ORGANIZATIONNAME = "정영빈";
				TargetAttributes = {
					E26A5D80226468A000B858BB = {
						CreatedOnToolsVersion = 10.2;
					};
				};
			};
			buildConfigurationList = E26A5D7C226468A000B858BB /* Build configuration list for PBXProject "UIStudy" */;
			compatibilityVersion = "Xcode 9.3";
			developmentRegion = en;
			hasScannedForEncodings = 0;
			knownRegions = (
				en,
				Base,
			);
			mainGroup = E26A5D78226468A000B858BB;
			productRefGroup = E26A5D82226468A000B858BB /* Products */;
			projectDirPath = "";
			projectRoot = "";
			targets = (
				E26A5D80226468A000B858BB /* UIStudy */,
			);
		};
/* End PBXProject section */

/* Begin PBXResourcesBuildPhase section */
		E26A5D7F226468A000B858BB /* Resources */ = {
			isa = PBXResourcesBuildPhase;
			buildActionMask = 2147483647;
			files = (
				E252F3AB2268584900F75002 /* UnsaeCell.xib in Resources */,
				E29180A022664704002AA002 /* LineView.xib in Resources */,
				E26A5D8F226468A100B858BB /* LaunchScreen.storyboard in Resources */,
				E20226922264EE520047D8DA /* ProfileView.xib in Resources */,
				E26A5D8C226468A100B858BB /* Assets.xcassets in Resources */,
				E26A5D8A226468A000B858BB /* Main.storyboard in Resources */,
			);
			runOnlyForDeploymentPostprocessing = 0;
		};
/* End PBXResourcesBuildPhase section */

/* Begin PBXShellScriptBuildPhase section */
		C9D69D7C073F38780B05E2E9 /* [CP] Check Pods Manifest.lock */ = {
			isa = PBXShellScriptBuildPhase;
			buildActionMask = 2147483647;
			files = (
			);
			inputFileListPaths = (
			);
			inputPaths = (
				"${PODS_PODFILE_DIR_PATH}/Podfile.lock",
				"${PODS_ROOT}/Manifest.lock",
			);
			name = "[CP] Check Pods Manifest.lock";
			outputFileListPaths = (
			);
			outputPaths = (
				"$(DERIVED_FILE_DIR)/Pods-UIStudy-checkManifestLockResult.txt",
			);
			runOnlyForDeploymentPostprocessing = 0;
			shellPath = /bin/sh;
			shellScript = "diff \"${PODS_PODFILE_DIR_PATH}/Podfile.lock\" \"${PODS_ROOT}/Manifest.lock\" > /dev/null\nif [ $? != 0 ] ; then\n    # print error to STDERR\n    echo \"error: The sandbox is not in sync with the Podfile.lock. Run 'pod install' or update your CocoaPods installation.\" >&2\n    exit 1\nfi\n# This output is used by Xcode 'outputs' to avoid re-running this script phase.\necho \"SUCCESS\" > \"${SCRIPT_OUTPUT_FILE_0}\"\n";
			showEnvVarsInLog = 0;
		};
		F961854674FAB9B555D7472D /* [CP] Embed Pods Frameworks */ = {
			isa = PBXShellScriptBuildPhase;
			buildActionMask = 2147483647;
			files = (
			);
			inputFileListPaths = (
			);
			inputPaths = (
				"${PODS_ROOT}/Target Support Files/Pods-UIStudy/Pods-UIStudy-frameworks.sh",
				"${BUILT_PRODUCTS_DIR}/Charts/Charts.framework",
				"${BUILT_PRODUCTS_DIR}/Differentiator/Differentiator.framework",
				"${BUILT_PRODUCTS_DIR}/GaugeKit/GaugeKit.framework",
				"${BUILT_PRODUCTS_DIR}/RxCocoa/RxCocoa.framework",
				"${BUILT_PRODUCTS_DIR}/RxDataSources/RxDataSources.framework",
				"${BUILT_PRODUCTS_DIR}/RxSwift/RxSwift.framework",
			);
			name = "[CP] Embed Pods Frameworks";
			outputFileListPaths = (
			);
			outputPaths = (
				"${TARGET_BUILD_DIR}/${FRAMEWORKS_FOLDER_PATH}/Charts.framework",
				"${TARGET_BUILD_DIR}/${FRAMEWORKS_FOLDER_PATH}/Differentiator.framework",
				"${TARGET_BUILD_DIR}/${FRAMEWORKS_FOLDER_PATH}/GaugeKit.framework",
				"${TARGET_BUILD_DIR}/${FRAMEWORKS_FOLDER_PATH}/RxCocoa.framework",
				"${TARGET_BUILD_DIR}/${FRAMEWORKS_FOLDER_PATH}/RxDataSources.framework",
				"${TARGET_BUILD_DIR}/${FRAMEWORKS_FOLDER_PATH}/RxSwift.framework",
			);
			runOnlyForDeploymentPostprocessing = 0;
			shellPath = /bin/sh;
			shellScript = "\"${PODS_ROOT}/Target Support Files/Pods-UIStudy/Pods-UIStudy-frameworks.sh\"\n";
			showEnvVarsInLog = 0;
		};
/* End PBXShellScriptBuildPhase section */

/* Begin PBXSourcesBuildPhase section */
		E26A5D7D226468A000B858BB /* Sources */ = {
			isa = PBXSourcesBuildPhase;
			buildActionMask = 2147483647;
			files = (
				E26804F3226620AF001F83F7 /* ImageViewExtension.swift in Sources */,
				E29CF3C72267538B004ADC18 /* UnsaeModel.swift in Sources */,
				E26A5D87226468A000B858BB /* ViewController.swift in Sources */,
				E29180A422664A99002AA002 /* ColorExtension.swift in Sources */,
				E29180A22266470F002AA002 /* LineView.swift in Sources */,
				E252F3AA2268584900F75002 /* UnsaeCell.swift in Sources */,
				E29CF3CA226755B0004ADC18 /* ModelCreator.swift in Sources */,
				E20226942264EE6C0047D8DA /* ProfileView.swift in Sources */,
				E29CF3C5226752C7004ADC18 /* TodayUnsaeViewModel.swift in Sources */,
				E26A5D85226468A000B858BB /* AppDelegate.swift in Sources */,
				E215456F226CA4DE004263B6 /* ThingOfLuckModel.swift in Sources */,
				E20226972264F1E60047D8DA /* ProfileModel.swift in Sources */,
			);
			runOnlyForDeploymentPostprocessing = 0;
		};
/* End PBXSourcesBuildPhase section */

/* Begin PBXVariantGroup section */
		E26A5D88226468A000B858BB /* Main.storyboard */ = {
			isa = PBXVariantGroup;
			children = (
				E26A5D89226468A000B858BB /* Base */,
			);
			name = Main.storyboard;
			sourceTree = "<group>";
		};
		E26A5D8D226468A100B858BB /* LaunchScreen.storyboard */ = {
			isa = PBXVariantGroup;
			children = (
				E26A5D8E226468A100B858BB /* Base */,
			);
			name = LaunchScreen.storyboard;
			sourceTree = "<group>";
		};
/* End PBXVariantGroup section */

/* Begin XCBuildConfiguration section */
		E26A5D91226468A100B858BB /* Debug */ = {
			isa = XCBuildConfiguration;
			buildSettings = {
				ALWAYS_SEARCH_USER_PATHS = NO;
				CLANG_ANALYZER_NONNULL = YES;
				CLANG_ANALYZER_NUMBER_OBJECT_CONVERSION = YES_AGGRESSIVE;
				CLANG_CXX_LANGUAGE_STANDARD = "gnu++14";
				CLANG_CXX_LIBRARY = "libc++";
				CLANG_ENABLE_MODULES = YES;
				CLANG_ENABLE_OBJC_ARC = YES;
				CLANG_ENABLE_OBJC_WEAK = YES;
				CLANG_WARN_BLOCK_CAPTURE_AUTORELEASING = YES;
				CLANG_WARN_BOOL_CONVERSION = YES;
				CLANG_WARN_COMMA = YES;
				CLANG_WARN_CONSTANT_CONVERSION = YES;
				CLANG_WARN_DEPRECATED_OBJC_IMPLEMENTATIONS = YES;
				CLANG_WARN_DIRECT_OBJC_ISA_USAGE = YES_ERROR;
				CLANG_WARN_DOCUMENTATION_COMMENTS = YES;
				CLANG_WARN_EMPTY_BODY = YES;
				CLANG_WARN_ENUM_CONVERSION = YES;
				CLANG_WARN_INFINITE_RECURSION = YES;
				CLANG_WARN_INT_CONVERSION = YES;
				CLANG_WARN_NON_LITERAL_NULL_CONVERSION = YES;
				CLANG_WARN_OBJC_IMPLICIT_RETAIN_SELF = YES;
				CLANG_WARN_OBJC_LITERAL_CONVERSION = YES;
				CLANG_WARN_OBJC_ROOT_CLASS = YES_ERROR;
				CLANG_WARN_RANGE_LOOP_ANALYSIS = YES;
				CLANG_WARN_STRICT_PROTOTYPES = YES;
				CLANG_WARN_SUSPICIOUS_MOVE = YES;
				CLANG_WARN_UNGUARDED_AVAILABILITY = YES_AGGRESSIVE;
				CLANG_WARN_UNREACHABLE_CODE = YES;
				CLANG_WARN__DUPLICATE_METHOD_MATCH = YES;
				CODE_SIGN_IDENTITY = "iPhone Developer";
				COPY_PHASE_STRIP = NO;
				DEBUG_INFORMATION_FORMAT = dwarf;
				ENABLE_STRICT_OBJC_MSGSEND = YES;
				ENABLE_TESTABILITY = YES;
				GCC_C_LANGUAGE_STANDARD = gnu11;
				GCC_DYNAMIC_NO_PIC = NO;
				GCC_NO_COMMON_BLOCKS = YES;
				GCC_OPTIMIZATION_LEVEL = 0;
				GCC_PREPROCESSOR_DEFINITIONS = (
					"DEBUG=1",
					"$(inherited)",
				);
				GCC_WARN_64_TO_32_BIT_CONVERSION = YES;
				GCC_WARN_ABOUT_RETURN_TYPE = YES_ERROR;
				GCC_WARN_UNDECLARED_SELECTOR = YES;
				GCC_WARN_UNINITIALIZED_AUTOS = YES_AGGRESSIVE;
				GCC_WARN_UNUSED_FUNCTION = YES;
				GCC_WARN_UNUSED_VARIABLE = YES;
				IPHONEOS_DEPLOYMENT_TARGET = 12.2;
				MTL_ENABLE_DEBUG_INFO = INCLUDE_SOURCE;
				MTL_FAST_MATH = YES;
				ONLY_ACTIVE_ARCH = YES;
				SDKROOT = iphoneos;
				SWIFT_ACTIVE_COMPILATION_CONDITIONS = DEBUG;
				SWIFT_OPTIMIZATION_LEVEL = "-Onone";
			};
			name = Debug;
		};
		E26A5D92226468A100B858BB /* Release */ = {
			isa = XCBuildConfiguration;
			buildSettings = {
				ALWAYS_SEARCH_USER_PATHS = NO;
				CLANG_ANALYZER_NONNULL = YES;
				CLANG_ANALYZER_NUMBER_OBJECT_CONVERSION = YES_AGGRESSIVE;
				CLANG_CXX_LANGUAGE_STANDARD = "gnu++14";
				CLANG_CXX_LIBRARY = "libc++";
				CLANG_ENABLE_MODULES = YES;
				CLANG_ENABLE_OBJC_ARC = YES;
				CLANG_ENABLE_OBJC_WEAK = YES;
				CLANG_WARN_BLOCK_CAPTURE_AUTORELEASING = YES;
				CLANG_WARN_BOOL_CONVERSION = YES;
				CLANG_WARN_COMMA = YES;
				CLANG_WARN_CONSTANT_CONVERSION = YES;
				CLANG_WARN_DEPRECATED_OBJC_IMPLEMENTATIONS = YES;
				CLANG_WARN_DIRECT_OBJC_ISA_USAGE = YES_ERROR;
				CLANG_WARN_DOCUMENTATION_COMMENTS = YES;
				CLANG_WARN_EMPTY_BODY = YES;
				CLANG_WARN_ENUM_CONVERSION = YES;
				CLANG_WARN_INFINITE_RECURSION = YES;
				CLANG_WARN_INT_CONVERSION = YES;
				CLANG_WARN_NON_LITERAL_NULL_CONVERSION = YES;
				CLANG_WARN_OBJC_IMPLICIT_RETAIN_SELF = YES;
				CLANG_WARN_OBJC_LITERAL_CONVERSION = YES;
				CLANG_WARN_OBJC_ROOT_CLASS = YES_ERROR;
				CLANG_WARN_RANGE_LOOP_ANALYSIS = YES;
				CLANG_WARN_STRICT_PROTOTYPES = YES;
				CLANG_WARN_SUSPICIOUS_MOVE = YES;
				CLANG_WARN_UNGUARDED_AVAILABILITY = YES_AGGRESSIVE;
				CLANG_WARN_UNREACHABLE_CODE = YES;
				CLANG_WARN__DUPLICATE_METHOD_MATCH = YES;
				CODE_SIGN_IDENTITY = "iPhone Developer";
				COPY_PHASE_STRIP = NO;
				DEBUG_INFORMATION_FORMAT = "dwarf-with-dsym";
				ENABLE_NS_ASSERTIONS = NO;
				ENABLE_STRICT_OBJC_MSGSEND = YES;
				GCC_C_LANGUAGE_STANDARD = gnu11;
				GCC_NO_COMMON_BLOCKS = YES;
				GCC_WARN_64_TO_32_BIT_CONVERSION = YES;
				GCC_WARN_ABOUT_RETURN_TYPE = YES_ERROR;
				GCC_WARN_UNDECLARED_SELECTOR = YES;
				GCC_WARN_UNINITIALIZED_AUTOS = YES_AGGRESSIVE;
				GCC_WARN_UNUSED_FUNCTION = YES;
				GCC_WARN_UNUSED_VARIABLE = YES;
				IPHONEOS_DEPLOYMENT_TARGET = 12.2;
				MTL_ENABLE_DEBUG_INFO = NO;
				MTL_FAST_MATH = YES;
				SDKROOT = iphoneos;
				SWIFT_COMPILATION_MODE = wholemodule;
				SWIFT_OPTIMIZATION_LEVEL = "-O";
				VALIDATE_PRODUCT = YES;
			};
			name = Release;
		};
		E26A5D94226468A100B858BB /* Debug */ = {
			isa = XCBuildConfiguration;
			baseConfigurationReference = BC2651BD931DEF7A11231E08 /* Pods-UIStudy.debug.xcconfig */;
			buildSettings = {
				ASSETCATALOG_COMPILER_APPICON_NAME = AppIcon;
				CODE_SIGN_STYLE = Automatic;
				INFOPLIST_FILE = UIStudy/Info.plist;
				LD_RUNPATH_SEARCH_PATHS = (
					"$(inherited)",
					"@executable_path/Frameworks",
				);
				PRODUCT_BUNDLE_IDENTIFIER = test.UIStudy;
				PRODUCT_NAME = "$(TARGET_NAME)";
				SWIFT_VERSION = 5.0;
				TARGETED_DEVICE_FAMILY = "1,2";
			};
			name = Debug;
		};
		E26A5D95226468A100B858BB /* Release */ = {
			isa = XCBuildConfiguration;
			baseConfigurationReference = A6C2D8CD4677CD6B7EDB115B /* Pods-UIStudy.release.xcconfig */;
			buildSettings = {
				ASSETCATALOG_COMPILER_APPICON_NAME = AppIcon;
				CODE_SIGN_STYLE = Automatic;
				INFOPLIST_FILE = UIStudy/Info.plist;
				LD_RUNPATH_SEARCH_PATHS = (
					"$(inherited)",
					"@executable_path/Frameworks",
				);
				PRODUCT_BUNDLE_IDENTIFIER = test.UIStudy;
				PRODUCT_NAME = "$(TARGET_NAME)";
				SWIFT_VERSION = 5.0;
				TARGETED_DEVICE_FAMILY = "1,2";
			};
			name = Release;
		};
/* End XCBuildConfiguration section */

/* Begin XCConfigurationList section */
		E26A5D7C226468A000B858BB /* Build configuration list for PBXProject "UIStudy" */ = {
			isa = XCConfigurationList;
			buildConfigurations = (
				E26A5D91226468A100B858BB /* Debug */,
				E26A5D92226468A100B858BB /* Release */,
			);
			defaultConfigurationIsVisible = 0;
			defaultConfigurationName = Release;
		};
		E26A5D93226468A100B858BB /* Build configuration list for PBXNativeTarget "UIStudy" */ = {
			isa = XCConfigurationList;
			buildConfigurations = (
				E26A5D94226468A100B858BB /* Debug */,
				E26A5D95226468A100B858BB /* Release */,
			);
			defaultConfigurationIsVisible = 0;
			defaultConfigurationName = Release;
		};
/* End XCConfigurationList section */
	};
	rootObject = E26A5D79226468A000B858BB /* Project object */;
}
